// !$*UTF8*$!
{
	archiveVersion = 1;
	classes = {
	};
	objectVersion = 46;
	objects = {

/* Begin PBXBuildFile section */
		3055D4E31C9C99CC000F6FA8 /* AppDelegate.swift in Sources */ = {isa = PBXBuildFile; fileRef = 3055D4E21C9C99CC000F6FA8 /* AppDelegate.swift */; };
		3055D4E51C9C99CC000F6FA8 /* ViewController.swift in Sources */ = {isa = PBXBuildFile; fileRef = 3055D4E41C9C99CC000F6FA8 /* ViewController.swift */; };
		3055D4E81C9C99CC000F6FA8 /* Main.storyboard in Resources */ = {isa = PBXBuildFile; fileRef = 3055D4E61C9C99CC000F6FA8 /* Main.storyboard */; };
		3055D4EA1C9C99CC000F6FA8 /* Assets.xcassets in Resources */ = {isa = PBXBuildFile; fileRef = 3055D4E91C9C99CC000F6FA8 /* Assets.xcassets */; };
		3055D4ED1C9C99CC000F6FA8 /* LaunchScreen.storyboard in Resources */ = {isa = PBXBuildFile; fileRef = 3055D4EB1C9C99CC000F6FA8 /* LaunchScreen.storyboard */; };
		30B914591C9F5537009EE402 /* Person.swift in Sources */ = {isa = PBXBuildFile; fileRef = 30B914581C9F5537009EE402 /* Person.swift */; };
		747D7775CCE023DCE6A17DFE /* Pods_Example.framework in Frameworks */ = {isa = PBXBuildFile; fileRef = 8F0F931AE9FB082E50CDFCBE /* Pods_Example.framework */; };
/* End PBXBuildFile section */

/* Begin PBXCopyFilesBuildPhase section */
		30D984A51C9C9D6C009632A3 /* Embed Frameworks */ = {
			isa = PBXCopyFilesBuildPhase;
			buildActionMask = 2147483647;
			dstPath = "";
			dstSubfolderSpec = 10;
			files = (
			);
			name = "Embed Frameworks";
			runOnlyForDeploymentPostprocessing = 0;
		};
/* End PBXCopyFilesBuildPhase section */

/* Begin PBXFileReference section */
		3055D4DF1C9C99CC000F6FA8 /* Example.app */ = {isa = PBXFileReference; explicitFileType = wrapper.application; includeInIndex = 0; path = Example.app; sourceTree = BUILT_PRODUCTS_DIR; };
		3055D4E21C9C99CC000F6FA8 /* AppDelegate.swift */ = {isa = PBXFileReference; lastKnownFileType = sourcecode.swift; path = AppDelegate.swift; sourceTree = "<group>"; };
		3055D4E41C9C99CC000F6FA8 /* ViewController.swift */ = {isa = PBXFileReference; lastKnownFileType = sourcecode.swift; path = ViewController.swift; sourceTree = "<group>"; };
		3055D4E71C9C99CC000F6FA8 /* Base */ = {isa = PBXFileReference; lastKnownFileType = file.storyboard; name = Base; path = Base.lproj/Main.storyboard; sourceTree = "<group>"; };
		3055D4E91C9C99CC000F6FA8 /* Assets.xcassets */ = {isa = PBXFileReference; lastKnownFileType = folder.assetcatalog; path = Assets.xcassets; sourceTree = "<group>"; };
		3055D4EC1C9C99CC000F6FA8 /* Base */ = {isa = PBXFileReference; lastKnownFileType = file.storyboard; name = Base; path = Base.lproj/LaunchScreen.storyboard; sourceTree = "<group>"; };
		3055D4EE1C9C99CC000F6FA8 /* Info.plist */ = {isa = PBXFileReference; lastKnownFileType = text.plist.xml; path = Info.plist; sourceTree = "<group>"; };
		30B914581C9F5537009EE402 /* Person.swift */ = {isa = PBXFileReference; fileEncoding = 4; lastKnownFileType = sourcecode.swift; path = Person.swift; sourceTree = "<group>"; };
		8F0F931AE9FB082E50CDFCBE /* Pods_Example.framework */ = {isa = PBXFileReference; explicitFileType = wrapper.framework; includeInIndex = 0; path = Pods_Example.framework; sourceTree = BUILT_PRODUCTS_DIR; };
		BD35518F9E80B21B826623E2 /* Pods-Example.debug.xcconfig */ = {isa = PBXFileReference; includeInIndex = 1; lastKnownFileType = text.xcconfig; name = "Pods-Example.debug.xcconfig"; path = "Pods/Target Support Files/Pods-Example/Pods-Example.debug.xcconfig"; sourceTree = "<group>"; };
		E583854059BA4ED81F4B7E71 /* Pods-Example.release.xcconfig */ = {isa = PBXFileReference; includeInIndex = 1; lastKnownFileType = text.xcconfig; name = "Pods-Example.release.xcconfig"; path = "Pods/Target Support Files/Pods-Example/Pods-Example.release.xcconfig"; sourceTree = "<group>"; };
/* End PBXFileReference section */

/* Begin PBXFrameworksBuildPhase section */
		3055D4DC1C9C99CC000F6FA8 /* Frameworks */ = {
			isa = PBXFrameworksBuildPhase;
			buildActionMask = 2147483647;
			files = (
				747D7775CCE023DCE6A17DFE /* Pods_Example.framework in Frameworks */,
			);
			runOnlyForDeploymentPostprocessing = 0;
		};
/* End PBXFrameworksBuildPhase section */

/* Begin PBXGroup section */
		10FB1DE50C0A6F8C83275C73 /* Pods */ = {
			isa = PBXGroup;
			children = (
				BD35518F9E80B21B826623E2 /* Pods-Example.debug.xcconfig */,
				E583854059BA4ED81F4B7E71 /* Pods-Example.release.xcconfig */,
			);
			name = Pods;
			sourceTree = "<group>";
		};
		2E69D0CB5ABEC82139ECEE10 /* Frameworks */ = {
			isa = PBXGroup;
			children = (
				8F0F931AE9FB082E50CDFCBE /* Pods_Example.framework */,
			);
			name = Frameworks;
			sourceTree = "<group>";
		};
		3055D4D61C9C99CC000F6FA8 = {
			isa = PBXGroup;
			children = (
				3055D4E11C9C99CC000F6FA8 /* Example */,
				3055D4E01C9C99CC000F6FA8 /* Products */,
				10FB1DE50C0A6F8C83275C73 /* Pods */,
				2E69D0CB5ABEC82139ECEE10 /* Frameworks */,
			);
			sourceTree = "<group>";
		};
		3055D4E01C9C99CC000F6FA8 /* Products */ = {
			isa = PBXGroup;
			children = (
				3055D4DF1C9C99CC000F6FA8 /* Example.app */,
			);
			name = Products;
			sourceTree = "<group>";
		};
		3055D4E11C9C99CC000F6FA8 /* Example */ = {
			isa = PBXGroup;
			children = (
				3055D4E21C9C99CC000F6FA8 /* AppDelegate.swift */,
				3055D4E41C9C99CC000F6FA8 /* ViewController.swift */,
				30B914581C9F5537009EE402 /* Person.swift */,
				30D984A71C9C9D7B009632A3 /* Resources */,
			);
			path = Example;
			sourceTree = "<group>";
		};
		30D984A71C9C9D7B009632A3 /* Resources */ = {
			isa = PBXGroup;
			children = (
				3055D4E61C9C99CC000F6FA8 /* Main.storyboard */,
				3055D4EB1C9C99CC000F6FA8 /* LaunchScreen.storyboard */,
				3055D4E91C9C99CC000F6FA8 /* Assets.xcassets */,
				3055D4EE1C9C99CC000F6FA8 /* Info.plist */,
			);
			name = Resources;
			sourceTree = "<group>";
		};
/* End PBXGroup section */

/* Begin PBXNativeTarget section */
		3055D4DE1C9C99CC000F6FA8 /* Example */ = {
			isa = PBXNativeTarget;
			buildConfigurationList = 3055D4F11C9C99CC000F6FA8 /* Build configuration list for PBXNativeTarget "Example" */;
			buildPhases = (
				4176BC5089AE34FBF1F587D6 /* [CP] Check Pods Manifest.lock */,
				3055D4DB1C9C99CC000F6FA8 /* Sources */,
				3055D4DC1C9C99CC000F6FA8 /* Frameworks */,
				3055D4DD1C9C99CC000F6FA8 /* Resources */,
				30D984A51C9C9D6C009632A3 /* Embed Frameworks */,
				CF1A6451742C763A24F4485B /* [CP] Embed Pods Frameworks */,
				2142C2C49D6F1132BC8A1F5B /* [CP] Copy Pods Resources */,
			);
			buildRules = (
			);
			dependencies = (
			);
			name = Example;
			productName = Example;
			productReference = 3055D4DF1C9C99CC000F6FA8 /* Example.app */;
			productType = "com.apple.product-type.application";
		};
/* End PBXNativeTarget section */

/* Begin PBXProject section */
		3055D4D71C9C99CC000F6FA8 /* Project object */ = {
			isa = PBXProject;
			attributes = {
				LastSwiftUpdateCheck = 0720;
				LastUpgradeCheck = 0800;
				ORGANIZATIONNAME = "Mitch Treece";
				TargetAttributes = {
					3055D4DE1C9C99CC000F6FA8 = {
						CreatedOnToolsVersion = 7.2.1;
					};
				};
			};
			buildConfigurationList = 3055D4DA1C9C99CC000F6FA8 /* Build configuration list for PBXProject "Example" */;
			compatibilityVersion = "Xcode 3.2";
			developmentRegion = English;
			hasScannedForEncodings = 0;
			knownRegions = (
				en,
				Base,
			);
			mainGroup = 3055D4D61C9C99CC000F6FA8;
			productRefGroup = 3055D4E01C9C99CC000F6FA8 /* Products */;
			projectDirPath = "";
			projectRoot = "";
			targets = (
				3055D4DE1C9C99CC000F6FA8 /* Example */,
			);
		};
/* End PBXProject section */

/* Begin PBXResourcesBuildPhase section */
		3055D4DD1C9C99CC000F6FA8 /* Resources */ = {
			isa = PBXResourcesBuildPhase;
			buildActionMask = 2147483647;
			files = (
				3055D4ED1C9C99CC000F6FA8 /* LaunchScreen.storyboard in Resources */,
				3055D4EA1C9C99CC000F6FA8 /* Assets.xcassets in Resources */,
				3055D4E81C9C99CC000F6FA8 /* Main.storyboard in Resources */,
			);
			runOnlyForDeploymentPostprocessing = 0;
		};
/* End PBXResourcesBuildPhase section */

/* Begin PBXShellScriptBuildPhase section */
		2142C2C49D6F1132BC8A1F5B /* [CP] Copy Pods Resources */ = {
			isa = PBXShellScriptBuildPhase;
			buildActionMask = 2147483647;
			files = (
			);
			inputPaths = (
			);
			name = "[CP] Copy Pods Resources";
			outputPaths = (
			);
			runOnlyForDeploymentPostprocessing = 0;
			shellPath = /bin/sh;
			shellScript = "\"${SRCROOT}/Pods/Target Support Files/Pods-Example/Pods-Example-resources.sh\"\n";
			showEnvVarsInLog = 0;
		};
		4176BC5089AE34FBF1F587D6 /* [CP] Check Pods Manifest.lock */ = {
			isa = PBXShellScriptBuildPhase;
			buildActionMask = 2147483647;
			files = (
			);
			inputPaths = (
			);
			name = "[CP] Check Pods Manifest.lock";
			outputPaths = (
			);
			runOnlyForDeploymentPostprocessing = 0;
			shellPath = /bin/sh;
			shellScript = "diff \"${PODS_ROOT}/../Podfile.lock\" \"${PODS_ROOT}/Manifest.lock\" > /dev/null\nif [ $? != 0 ] ; then\n    # print error to STDERR\n    echo \"error: The sandbox is not in sync with the Podfile.lock. Run 'pod install' or update your CocoaPods installation.\" >&2\n    exit 1\nfi\n";
			showEnvVarsInLog = 0;
		};
		CF1A6451742C763A24F4485B /* [CP] Embed Pods Frameworks */ = {
			isa = PBXShellScriptBuildPhase;
			buildActionMask = 2147483647;
			files = (
			);
			inputPaths = (
			);
			name = "[CP] Embed Pods Frameworks";
			outputPaths = (
			);
			runOnlyForDeploymentPostprocessing = 0;
			shellPath = /bin/sh;
			shellScript = "\"${SRCROOT}/Pods/Target Support Files/Pods-Example/Pods-Example-frameworks.sh\"\n";
			showEnvVarsInLog = 0;
		};
/* End PBXShellScriptBuildPhase section */

/* Begin PBXSourcesBuildPhase section */
		3055D4DB1C9C99CC000F6FA8 /* Sources */ = {
			isa = PBXSourcesBuildPhase;
			buildActionMask = 2147483647;
			files = (
				30B914591C9F5537009EE402 /* Person.swift in Sources */,
				3055D4E51C9C99CC000F6FA8 /* ViewController.swift in Sources */,
				3055D4E31C9C99CC000F6FA8 /* AppDelegate.swift in Sources */,
			);
			runOnlyForDeploymentPostprocessing = 0;
		};
/* End PBXSourcesBuildPhase section */

/* Begin PBXVariantGroup section */
		3055D4E61C9C99CC000F6FA8 /* Main.storyboard */ = {
			isa = PBXVariantGroup;
			children = (
				3055D4E71C9C99CC000F6FA8 /* Base */,
			);
			name = Main.storyboard;
			sourceTree = "<group>";
		};
		3055D4EB1C9C99CC000F6FA8 /* LaunchScreen.storyboard */ = {
			isa = PBXVariantGroup;
			children = (
				3055D4EC1C9C99CC000F6FA8 /* Base */,
			);
			name = LaunchScreen.storyboard;
			sourceTree = "<group>";
		};
/* End PBXVariantGroup section */

/* Begin XCBuildConfiguration section */
		3055D4EF1C9C99CC000F6FA8 /* Debug */ = {
			isa = XCBuildConfiguration;
			buildSettings = {
				ALWAYS_SEARCH_USER_PATHS = NO;
				CLANG_CXX_LANGUAGE_STANDARD = "gnu++0x";
				CLANG_CXX_LIBRARY = "libc++";
				CLANG_ENABLE_MODULES = YES;
				CLANG_ENABLE_OBJC_ARC = YES;
				CLANG_WARN_BOOL_CONVERSION = YES;
				CLANG_WARN_CONSTANT_CONVERSION = YES;
				CLANG_WARN_DIRECT_OBJC_ISA_USAGE = YES_ERROR;
				CLANG_WARN_EMPTY_BODY = YES;
				CLANG_WARN_ENUM_CONVERSION = YES;
				CLANG_WARN_INFINITE_RECURSION = YES;
				CLANG_WARN_INT_CONVERSION = YES;
				CLANG_WARN_OBJC_ROOT_CLASS = YES_ERROR;
				CLANG_WARN_SUSPICIOUS_MOVE = YES;
				CLANG_WARN_UNREACHABLE_CODE = YES;
				CLANG_WARN__DUPLICATE_METHOD_MATCH = YES;
				"CODE_SIGN_IDENTITY[sdk=iphoneos*]" = "iPhone Developer";
				COPY_PHASE_STRIP = NO;
				DEBUG_INFORMATION_FORMAT = dwarf;
				ENABLE_STRICT_OBJC_MSGSEND = YES;
				ENABLE_TESTABILITY = YES;
				GCC_C_LANGUAGE_STANDARD = gnu99;
				GCC_DYNAMIC_NO_PIC = NO;
				GCC_NO_COMMON_BLOCKS = YES;
				GCC_OPTIMIZATION_LEVEL = 0;
				GCC_PREPROCESSOR_DEFINITIONS = (
					"DEBUG=1",
					"$(inherited)",
				);
				GCC_WARN_64_TO_32_BIT_CONVERSION = YES;
				GCC_WARN_ABOUT_RETURN_TYPE = YES_ERROR;
				GCC_WARN_UNDECLARED_SELECTOR = YES;
				GCC_WARN_UNINITIALIZED_AUTOS = YES_AGGRESSIVE;
				GCC_WARN_UNUSED_FUNCTION = YES;
				GCC_WARN_UNUSED_VARIABLE = YES;
				IPHONEOS_DEPLOYMENT_TARGET = 9.2;
				MTL_ENABLE_DEBUG_INFO = YES;
				ONLY_ACTIVE_ARCH = YES;
				SDKROOT = iphoneos;
				SWIFT_OPTIMIZATION_LEVEL = "-Onone";
				SWIFT_VERSION = 3.0;
			};
			name = Debug;
		};
		3055D4F01C9C99CC000F6FA8 /* Release */ = {
			isa = XCBuildConfiguration;
			buildSettings = {
				ALWAYS_SEARCH_USER_PATHS = NO;
				CLANG_CXX_LANGUAGE_STANDARD = "gnu++0x";
				CLANG_CXX_LIBRARY = "libc++";
				CLANG_ENABLE_MODULES = YES;
				CLANG_ENABLE_OBJC_ARC = YES;
				CLANG_WARN_BOOL_CONVERSION = YES;
				CLANG_WARN_CONSTANT_CONVERSION = YES;
				CLANG_WARN_DIRECT_OBJC_ISA_USAGE = YES_ERROR;
				CLANG_WARN_EMPTY_BODY = YES;
				CLANG_WARN_ENUM_CONVERSION = YES;
				CLANG_WARN_INFINITE_RECURSION = YES;
				CLANG_WARN_INT_CONVERSION = YES;
				CLANG_WARN_OBJC_ROOT_CLASS = YES_ERROR;
				CLANG_WARN_SUSPICIOUS_MOVE = YES;
				CLANG_WARN_UNREACHABLE_CODE = YES;
				CLANG_WARN__DUPLICATE_METHOD_MATCH = YES;
				"CODE_SIGN_IDENTITY[sdk=iphoneos*]" = "iPhone Developer";
				COPY_PHASE_STRIP = NO;
				DEBUG_INFORMATION_FORMAT = "dwarf-with-dsym";
				ENABLE_NS_ASSERTIONS = NO;
				ENABLE_STRICT_OBJC_MSGSEND = YES;
				GCC_C_LANGUAGE_STANDARD = gnu99;
				GCC_NO_COMMON_BLOCKS = YES;
				GCC_WARN_64_TO_32_BIT_CONVERSION = YES;
				GCC_WARN_ABOUT_RETURN_TYPE = YES_ERROR;
				GCC_WARN_UNDECLARED_SELECTOR = YES;
				GCC_WARN_UNINITIALIZED_AUTOS = YES_AGGRESSIVE;
				GCC_WARN_UNUSED_FUNCTION = YES;
				GCC_WARN_UNUSED_VARIABLE = YES;
				IPHONEOS_DEPLOYMENT_TARGET = 9.2;
				MTL_ENABLE_DEBUG_INFO = NO;
				SDKROOT = iphoneos;
				SWIFT_OPTIMIZATION_LEVEL = "-Owholemodule";
				SWIFT_VERSION = 3.0;
				VALIDATE_PRODUCT = YES;
			};
			name = Release;
		};
		3055D4F21C9C99CC000F6FA8 /* Debug */ = {
			isa = XCBuildConfiguration;
			baseConfigurationReference = BD35518F9E80B21B826623E2 /* Pods-Example.debug.xcconfig */;
			buildSettings = {
				ALWAYS_EMBED_SWIFT_STANDARD_LIBRARIES = YES;
				ASSETCATALOG_COMPILER_APPICON_NAME = AppIcon;
				INFOPLIST_FILE = Example/Info.plist;
				LD_RUNPATH_SEARCH_PATHS = "$(inherited) @executable_path/Frameworks";
				PRODUCT_BUNDLE_IDENTIFIER = com.mitchtreece.Example;
				PRODUCT_NAME = "$(TARGET_NAME)";
				SWIFT_VERSION = 3.0;
			};
			name = Debug;
		};
		3055D4F31C9C99CC000F6FA8 /* Release */ = {
			isa = XCBuildConfiguration;
			baseConfigurationReference = E583854059BA4ED81F4B7E71 /* Pods-Example.release.xcconfig */;
			buildSettings = {
				ALWAYS_EMBED_SWIFT_STANDARD_LIBRARIES = YES;
				ASSETCATALOG_COMPILER_APPICON_NAME = AppIcon;
				INFOPLIST_FILE = Example/Info.plist;
				LD_RUNPATH_SEARCH_PATHS = "$(inherited) @executable_path/Frameworks";
				PRODUCT_BUNDLE_IDENTIFIER = com.mitchtreece.Example;
				PRODUCT_NAME = "$(TARGET_NAME)";
				SWIFT_VERSION = 3.0;
			};
			name = Release;
		};
/* End XCBuildConfiguration section */

/* Begin XCConfigurationList section */
		3055D4DA1C9C99CC000F6FA8 /* Build configuration list for PBXProject "Example" */ = {
			isa = XCConfigurationList;
			buildConfigurations = (
				3055D4EF1C9C99CC000F6FA8 /* Debug */,
				3055D4F01C9C99CC000F6FA8 /* Release */,
			);
			defaultConfigurationIsVisible = 0;
			defaultConfigurationName = Release;
		};
		3055D4F11C9C99CC000F6FA8 /* Build configuration list for PBXNativeTarget "Example" */ = {
			isa = XCConfigurationList;
			buildConfigurations = (
				3055D4F21C9C99CC000F6FA8 /* Debug */,
				3055D4F31C9C99CC000F6FA8 /* Release */,
			);
			defaultConfigurationIsVisible = 0;
			defaultConfigurationName = Release;
		};
/* End XCConfigurationList section */
	};
	rootObject = 3055D4D71C9C99CC000F6FA8 /* Project object */;
}
