// !$*UTF8*$!
{
	archiveVersion = 1;
	classes = {
	};
	objectVersion = 46;
	objects = {

/* Begin PBXBuildFile section */
		3055D4E31C9C99CC000F6FA8 /* AppDelegate.swift in Sources */ = {isa = PBXBuildFile; fileRef = 3055D4E21C9C99CC000F6FA8 /* AppDelegate.swift */; };
		3055D4E51C9C99CC000F6FA8 /* ViewController.swift in Sources */ = {isa = PBXBuildFile; fileRef = 3055D4E41C9C99CC000F6FA8 /* ViewController.swift */; };
		3055D4E81C9C99CC000F6FA8 /* Main.storyboard in Resources */ = {isa = PBXBuildFile; fileRef = 3055D4E61C9C99CC000F6FA8 /* Main.storyboard */; };
		3055D4EA1C9C99CC000F6FA8 /* Assets.xcassets in Resources */ = {isa = PBXBuildFile; fileRef = 3055D4E91C9C99CC000F6FA8 /* Assets.xcassets */; };
		3055D4ED1C9C99CC000F6FA8 /* LaunchScreen.storyboard in Resources */ = {isa = PBXBuildFile; fileRef = 3055D4EB1C9C99CC000F6FA8 /* LaunchScreen.storyboard */; };
		30D984A31C9C9D6B009632A3 /* EventfulSwift.framework in Frameworks */ = {isa = PBXBuildFile; fileRef = 30D984A21C9C9D6B009632A3 /* EventfulSwift.framework */; };
		30D984A41C9C9D6B009632A3 /* EventfulSwift.framework in Embed Frameworks */ = {isa = PBXBuildFile; fileRef = 30D984A21C9C9D6B009632A3 /* EventfulSwift.framework */; settings = {ATTRIBUTES = (CodeSignOnCopy, RemoveHeadersOnCopy, ); }; };
/* End PBXBuildFile section */

/* Begin PBXCopyFilesBuildPhase section */
		30D984A51C9C9D6C009632A3 /* Embed Frameworks */ = {
			isa = PBXCopyFilesBuildPhase;
			buildActionMask = 2147483647;
			dstPath = "";
			dstSubfolderSpec = 10;
			files = (
				30D984A41C9C9D6B009632A3 /* EventfulSwift.framework in Embed Frameworks */,
			);
			name = "Embed Frameworks";
			runOnlyForDeploymentPostprocessing = 0;
		};
/* End PBXCopyFilesBuildPhase section */

/* Begin PBXFileReference section */
		3055D4DF1C9C99CC000F6FA8 /* Example.app */ = {isa = PBXFileReference; explicitFileType = wrapper.application; includeInIndex = 0; path = Example.app; sourceTree = BUILT_PRODUCTS_DIR; };
		3055D4E21C9C99CC000F6FA8 /* AppDelegate.swift */ = {isa = PBXFileReference; lastKnownFileType = sourcecode.swift; path = AppDelegate.swift; sourceTree = "<group>"; };
		3055D4E41C9C99CC000F6FA8 /* ViewController.swift */ = {isa = PBXFileReference; lastKnownFileType = sourcecode.swift; path = ViewController.swift; sourceTree = "<group>"; };
		3055D4E71C9C99CC000F6FA8 /* Base */ = {isa = PBXFileReference; lastKnownFileType = file.storyboard; name = Base; path = Base.lproj/Main.storyboard; sourceTree = "<group>"; };
		3055D4E91C9C99CC000F6FA8 /* Assets.xcassets */ = {isa = PBXFileReference; lastKnownFileType = folder.assetcatalog; path = Assets.xcassets; sourceTree = "<group>"; };
		3055D4EC1C9C99CC000F6FA8 /* Base */ = {isa = PBXFileReference; lastKnownFileType = file.storyboard; name = Base; path = Base.lproj/LaunchScreen.storyboard; sourceTree = "<group>"; };
		3055D4EE1C9C99CC000F6FA8 /* Info.plist */ = {isa = PBXFileReference; lastKnownFileType = text.plist.xml; path = Info.plist; sourceTree = "<group>"; };
		30D984A21C9C9D6B009632A3 /* EventfulSwift.framework */ = {isa = PBXFileReference; explicitFileType = wrapper.framework; name = EventfulSwift.framework; path = "/Users/Mitch/Library/Developer/Xcode/DerivedData/Eventful-Swift-aroyhklfbocsrfatxlzpuuzlptvz/Build/Products/Debug-iphoneos/EventfulSwift.framework"; sourceTree = "<absolute>"; };
/* End PBXFileReference section */

/* Begin PBXFrameworksBuildPhase section */
		3055D4DC1C9C99CC000F6FA8 /* Frameworks */ = {
			isa = PBXFrameworksBuildPhase;
			buildActionMask = 2147483647;
			files = (
				30D984A31C9C9D6B009632A3 /* EventfulSwift.framework in Frameworks */,
			);
			runOnlyForDeploymentPostprocessing = 0;
		};
/* End PBXFrameworksBuildPhase section */

/* Begin PBXGroup section */
		3055D4D61C9C99CC000F6FA8 = {
			isa = PBXGroup;
			children = (
				3055D4E11C9C99CC000F6FA8 /* Example */,
				3055D4E01C9C99CC000F6FA8 /* Products */,
			);
			sourceTree = "<group>";
		};
		3055D4E01C9C99CC000F6FA8 /* Products */ = {
			isa = PBXGroup;
			children = (
				3055D4DF1C9C99CC000F6FA8 /* Example.app */,
			);
			name = Products;
			sourceTree = "<group>";
		};
		3055D4E11C9C99CC000F6FA8 /* Example */ = {
			isa = PBXGroup;
			children = (
				3055D4E21C9C99CC000F6FA8 /* AppDelegate.swift */,
				3055D4E41C9C99CC000F6FA8 /* ViewController.swift */,
				30D984A71C9C9D7B009632A3 /* Resources */,
				30D984A61C9C9D6F009632A3 /* Frameworks */,
			);
			path = Example;
			sourceTree = "<group>";
		};
		30D984A61C9C9D6F009632A3 /* Frameworks */ = {
			isa = PBXGroup;
			children = (
				30D984A21C9C9D6B009632A3 /* EventfulSwift.framework */,
			);
			name = Frameworks;
			sourceTree = "<group>";
		};
		30D984A71C9C9D7B009632A3 /* Resources */ = {
			isa = PBXGroup;
			children = (
				3055D4E61C9C99CC000F6FA8 /* Main.storyboard */,
				3055D4EB1C9C99CC000F6FA8 /* LaunchScreen.storyboard */,
				3055D4E91C9C99CC000F6FA8 /* Assets.xcassets */,
				3055D4EE1C9C99CC000F6FA8 /* Info.plist */,
			);
			name = Resources;
			sourceTree = "<group>";
		};
/* End PBXGroup section */

/* Begin PBXNativeTarget section */
		3055D4DE1C9C99CC000F6FA8 /* Example */ = {
			isa = PBXNativeTarget;
			buildConfigurationList = 3055D4F11C9C99CC000F6FA8 /* Build configuration list for PBXNativeTarget "Example" */;
			buildPhases = (
				3055D4DB1C9C99CC000F6FA8 /* Sources */,
				3055D4DC1C9C99CC000F6FA8 /* Frameworks */,
				3055D4DD1C9C99CC000F6FA8 /* Resources */,
				30D984A51C9C9D6C009632A3 /* Embed Frameworks */,
			);
			buildRules = (
			);
			dependencies = (
			);
			name = Example;
			productName = Example;
			productReference = 3055D4DF1C9C99CC000F6FA8 /* Example.app */;
			productType = "com.apple.product-type.application";
		};
/* End PBXNativeTarget section */

/* Begin PBXProject section */
		3055D4D71C9C99CC000F6FA8 /* Project object */ = {
			isa = PBXProject;
			attributes = {
				LastSwiftUpdateCheck = 0720;
				LastUpgradeCheck = 0720;
				ORGANIZATIONNAME = "Mitch Treece";
				TargetAttributes = {
					3055D4DE1C9C99CC000F6FA8 = {
						CreatedOnToolsVersion = 7.2.1;
					};
				};
			};
			buildConfigurationList = 3055D4DA1C9C99CC000F6FA8 /* Build configuration list for PBXProject "Example" */;
			compatibilityVersion = "Xcode 3.2";
			developmentRegion = English;
			hasScannedForEncodings = 0;
			knownRegions = (
				en,
				Base,
			);
			mainGroup = 3055D4D61C9C99CC000F6FA8;
			productRefGroup = 3055D4E01C9C99CC000F6FA8 /* Products */;
			projectDirPath = "";
			projectRoot = "";
			targets = (
				3055D4DE1C9C99CC000F6FA8 /* Example */,
			);
		};
/* End PBXProject section */

/* Begin PBXResourcesBuildPhase section */
		3055D4DD1C9C99CC000F6FA8 /* Resources */ = {
			isa = PBXResourcesBuildPhase;
			buildActionMask = 2147483647;
			files = (
				3055D4ED1C9C99CC000F6FA8 /* LaunchScreen.storyboard in Resources */,
				3055D4EA1C9C99CC000F6FA8 /* Assets.xcassets in Resources */,
				3055D4E81C9C99CC000F6FA8 /* Main.storyboard in Resources */,
			);
			runOnlyForDeploymentPostprocessing = 0;
		};
/* End PBXResourcesBuildPhase section */

/* Begin PBXSourcesBuildPhase section */
		3055D4DB1C9C99CC000F6FA8 /* Sources */ = {
			isa = PBXSourcesBuildPhase;
			buildActionMask = 2147483647;
			files = (
				3055D4E51C9C99CC000F6FA8 /* ViewController.swift in Sources */,
				3055D4E31C9C99CC000F6FA8 /* AppDelegate.swift in Sources */,
			);
			runOnlyForDeploymentPostprocessing = 0;
		};
/* End PBXSourcesBuildPhase section */

/* Begin PBXVariantGroup section */
		3055D4E61C9C99CC000F6FA8 /* Main.storyboard */ = {
			isa = PBXVariantGroup;
			children = (
				3055D4E71C9C99CC000F6FA8 /* Base */,
			);
			name = Main.storyboard;
			sourceTree = "<group>";
		};
		3055D4EB1C9C99CC000F6FA8 /* LaunchScreen.storyboard */ = {
			isa = PBXVariantGroup;
			children = (
				3055D4EC1C9C99CC000F6FA8 /* Base */,
			);
			name = LaunchScreen.storyboard;
			sourceTree = "<group>";
		};
/* End PBXVariantGroup section */

/* Begin XCBuildConfiguration section */
		3055D4EF1C9C99CC000F6FA8 /* Debug */ = {
			isa = XCBuildConfiguration;
			buildSettings = {
				ALWAYS_SEARCH_USER_PATHS = NO;
				CLANG_CXX_LANGUAGE_STANDARD = "gnu++0x";
				CLANG_CXX_LIBRARY = "libc++";
				CLANG_ENABLE_MODULES = YES;
				CLANG_ENABLE_OBJC_ARC = YES;
				CLANG_WARN_BOOL_CONVERSION = YES;
				CLANG_WARN_CONSTANT_CONVERSION = YES;
				CLANG_WARN_DIRECT_OBJC_ISA_USAGE = YES_ERROR;
				CLANG_WARN_EMPTY_BODY = YES;
				CLANG_WARN_ENUM_CONVERSION = YES;
				CLANG_WARN_INT_CONVERSION = YES;
				CLANG_WARN_OBJC_ROOT_CLASS = YES_ERROR;
				CLANG_WARN_UNREACHABLE_CODE = YES;
				CLANG_WARN__DUPLICATE_METHOD_MATCH = YES;
				"CODE_SIGN_IDENTITY[sdk=iphoneos*]" = "iPhone Developer";
				COPY_PHASE_STRIP = NO;
				DEBUG_INFORMATION_FORMAT = dwarf;
				ENABLE_STRICT_OBJC_MSGSEND = YES;
				ENABLE_TESTABILITY = YES;
				GCC_C_LANGUAGE_STANDARD = gnu99;
				GCC_DYNAMIC_NO_PIC = NO;
				GCC_NO_COMMON_BLOCKS = YES;
				GCC_OPTIMIZATION_LEVEL = 0;
				GCC_PREPROCESSOR_DEFINITIONS = (
					"DEBUG=1",
					"$(inherited)",
				);
				GCC_WARN_64_TO_32_BIT_CONVERSION = YES;
				GCC_WARN_ABOUT_RETURN_TYPE = YES_ERROR;
				GCC_WARN_UNDECLARED_SELECTOR = YES;
				GCC_WARN_UNINITIALIZED_AUTOS = YES_AGGRESSIVE;
				GCC_WARN_UNUSED_FUNCTION = YES;
				GCC_WARN_UNUSED_VARIABLE = YES;
				IPHONEOS_DEPLOYMENT_TARGET = 9.2;
				MTL_ENABLE_DEBUG_INFO = YES;
				ONLY_ACTIVE_ARCH = YES;
				SDKROOT = iphoneos;
				SWIFT_OPTIMIZATION_LEVEL = "-Onone";
			};
			name = Debug;
		};
		3055D4F01C9C99CC000F6FA8 /* Release */ = {
			isa = XCBuildConfiguration;
			buildSettings = {
				ALWAYS_SEARCH_USER_PATHS = NO;
				CLANG_CXX_LANGUAGE_STANDARD = "gnu++0x";
				CLANG_CXX_LIBRARY = "libc++";
				CLANG_ENABLE_MODULES = YES;
				CLANG_ENABLE_OBJC_ARC = YES;
				CLANG_WARN_BOOL_CONVERSION = YES;
				CLANG_WARN_CONSTANT_CONVERSION = YES;
				CLANG_WARN_DIRECT_OBJC_ISA_USAGE = YES_ERROR;
				CLANG_WARN_EMPTY_BODY = YES;
				CLANG_WARN_ENUM_CONVERSION = YES;
				CLANG_WARN_INT_CONVERSION = YES;
				CLANG_WARN_OBJC_ROOT_CLASS = YES_ERROR;
				CLANG_WARN_UNREACHABLE_CODE = YES;
				CLANG_WARN__DUPLICATE_METHOD_MATCH = YES;
				"CODE_SIGN_IDENTITY[sdk=iphoneos*]" = "iPhone Developer";
				COPY_PHASE_STRIP = NO;
				DEBUG_INFORMATION_FORMAT = "dwarf-with-dsym";
				ENABLE_NS_ASSERTIONS = NO;
				ENABLE_STRICT_OBJC_MSGSEND = YES;
				GCC_C_LANGUAGE_STANDARD = gnu99;
				GCC_NO_COMMON_BLOCKS = YES;
				GCC_WARN_64_TO_32_BIT_CONVERSION = YES;
				GCC_WARN_ABOUT_RETURN_TYPE = YES_ERROR;
				GCC_WARN_UNDECLARED_SELECTOR = YES;
				GCC_WARN_UNINITIALIZED_AUTOS = YES_AGGRESSIVE;
				GCC_WARN_UNUSED_FUNCTION = YES;
				GCC_WARN_UNUSED_VARIABLE = YES;
				IPHONEOS_DEPLOYMENT_TARGET = 9.2;
				MTL_ENABLE_DEBUG_INFO = NO;
				SDKROOT = iphoneos;
				VALIDATE_PRODUCT = YES;
			};
			name = Release;
		};
		3055D4F21C9C99CC000F6FA8 /* Debug */ = {
			isa = XCBuildConfiguration;
			buildSettings = {
				ASSETCATALOG_COMPILER_APPICON_NAME = AppIcon;
				INFOPLIST_FILE = Example/Info.plist;
				LD_RUNPATH_SEARCH_PATHS = "$(inherited) @executable_path/Frameworks";
				PRODUCT_BUNDLE_IDENTIFIER = com.mitchtreece.Example;
				PRODUCT_NAME = "$(TARGET_NAME)";
			};
			name = Debug;
		};
		3055D4F31C9C99CC000F6FA8 /* Release */ = {
			isa = XCBuildConfiguration;
			buildSettings = {
				ASSETCATALOG_COMPILER_APPICON_NAME = AppIcon;
				INFOPLIST_FILE = Example/Info.plist;
				LD_RUNPATH_SEARCH_PATHS = "$(inherited) @executable_path/Frameworks";
				PRODUCT_BUNDLE_IDENTIFIER = com.mitchtreece.Example;
				PRODUCT_NAME = "$(TARGET_NAME)";
			};
			name = Release;
		};
/* End XCBuildConfiguration section */

/* Begin XCConfigurationList section */
		3055D4DA1C9C99CC000F6FA8 /* Build configuration list for PBXProject "Example" */ = {
			isa = XCConfigurationList;
			buildConfigurations = (
				3055D4EF1C9C99CC000F6FA8 /* Debug */,
				3055D4F01C9C99CC000F6FA8 /* Release */,
			);
			defaultConfigurationIsVisible = 0;
			defaultConfigurationName = Release;
		};
		3055D4F11C9C99CC000F6FA8 /* Build configuration list for PBXNativeTarget "Example" */ = {
			isa = XCConfigurationList;
			buildConfigurations = (
				3055D4F21C9C99CC000F6FA8 /* Debug */,
				3055D4F31C9C99CC000F6FA8 /* Release */,
			);
			defaultConfigurationIsVisible = 0;
			defaultConfigurationName = Release;
		};
/* End XCConfigurationList section */
	};
	rootObject = 3055D4D71C9C99CC000F6FA8 /* Project object */;
}
